
Microsoft Visual Studio Solution File, Format Version 12.00
# Visual Studio Version 16
VisualStudioVersion = 16.0.32901.82
MinimumVisualStudioVersion = 10.0.40219.1
Project("{FAE04EC0-301F-11D3-BF4B-00C04F79EFBC}") = "pr1", "pr1\pr1.csproj", "{72AB353C-45A2-485B-9638-50D31CDECFCD}"
EndProject
Global
	GlobalSection(SolutionConfigurationPlatforms) = preSolution
		Debug|Any CPU = Debug|Any CPU
		Release|Any CPU = Release|Any CPU
	EndGlobalSection
	GlobalSection(ProjectConfigurationPlatforms) = postSolution
		{72AB353C-45A2-485B-9638-50D31CDECFCD}.Debug|Any CPU.ActiveCfg = Debug|Any CPU
		{72AB353C-45A2-485B-9638-50D31CDECFCD}.Debug|Any CPU.Build.0 = Debug|Any CPU
		{72AB353C-45A2-485B-9638-50D31CDECFCD}.Release|Any CPU.ActiveCfg = Release|Any CPU
		{72AB353C-45A2-485B-9638-50D31CDECFCD}.Release|Any CPU.Build.0 = Release|Any CPU
	EndGlobalSection
	GlobalSection(SolutionProperties) = preSolution
		HideSolutionNode = FALSE
	EndGlobalSection
	GlobalSection(ExtensibilityGlobals) = postSolution
		SolutionGuid = {4D127112-348A-4BCD-9832-6EE81560A99D}
	EndGlobalSection
EndGlobal
